# Generated for CPython 3.12, implementation cp, ABI cp312, macosx_14_0_arm64.
# Resolver flags:
#   pip download --platform macosx_14_0_arm64 --python-version 312 \
#     --implementation cp --abi cp312 --only-binary=:all:
# Backend: mlx-qwen3-asr 0.3.5 (source commit
# d1a035514e1d6ac31da7658b273482656eacba61, Apache-2.0).
# Direct wheel URLs make the selected artifacts auditable as well as hash-locked.

anyio @ https://files.pythonhosted.org/packages/da/35/f2287558c17e29fafc8ef3daf819bb9834061cfa43bff8014f7df7f63bdc/anyio-4.14.2-py3-none-any.whl \
    --hash=sha256:9f505dda5ac9f0c8309b5e8bd445a8c2bf7246f3ce950121e45ea15bc41d1494
certifi @ https://files.pythonhosted.org/packages/0b/a7/71ac2cff56fec219ed242bb11b8efb69fcc4bec75db06fb7bfe35de520e6/certifi-2026.7.22-py3-none-any.whl \
    --hash=sha256:62f22742b58a1a33014a2b6b706588a8d7e2a88ae7bd1a6ebe8c992928483775
click @ https://files.pythonhosted.org/packages/fb/e2/79c688af8b210d232694e31e59da9f6ec747bae31c3f5946e4e9b98860d5/click-8.4.2-py3-none-any.whl \
    --hash=sha256:e6f9f66136c816745b9d65817da91d61d957fb16e02e4dcd0552553c5a197b76
filelock @ https://files.pythonhosted.org/packages/06/79/b4c714bef36bc4ec2beeae1e0c124f0223888cd8c6feb1cdc56038116920/filelock-3.32.0-py3-none-any.whl \
    --hash=sha256:d396bea984af47333ef05e50eae7eff88c84256de6112aea0ec48a233c064fe3
fsspec @ https://files.pythonhosted.org/packages/e5/22/4222d7ddf3da30f363edaa98e329c2bce6c65497c9cb2810931c8b2c0fbc/fsspec-2026.6.0-py3-none-any.whl \
    --hash=sha256:02e0b71817df9b2169dc30a16832045764def1191b43dcff5bb85bdee212d2a1
h11 @ https://files.pythonhosted.org/packages/04/4b/29cac41a4d98d144bf5f6d33995617b185d14b22401f75ca86f384e87ff1/h11-0.16.0-py3-none-any.whl \
    --hash=sha256:63cf8bbe7522de3bf65932fda1d9c2772064ffb3dae62d55932da54b31cb6c86
hf-xet @ https://files.pythonhosted.org/packages/60/ac/b097a86a1e4a6098f3a79382643ab09d5733d87ccc864877ad1e12b49b70/hf_xet-1.5.2-cp38-abi3-macosx_11_0_arm64.whl \
    --hash=sha256:045f84440c55cdeb659cf1a1dd48c77bcd0d2e93632e2fea8f2c3bdee79f38ed
httpcore @ https://files.pythonhosted.org/packages/7e/f5/f66802a942d491edb555dd61e3a9961140fd64c90bce1eafd741609d334d/httpcore-1.0.9-py3-none-any.whl \
    --hash=sha256:2d400746a40668fc9dec9810239072b40b4484b640a8c38fd654a024c7a1bf55
httpx @ https://files.pythonhosted.org/packages/2a/39/e50c7c3a983047577ee07d2a9e53faf5a69493943ec3f6a384bdc792deb2/httpx-0.28.1-py3-none-any.whl \
    --hash=sha256:d909fcccc110f8c7faf814ca82a9a4d816bc5a6dbfea25d6591d6985b8ba59ad
huggingface-hub @ https://files.pythonhosted.org/packages/5f/c3/aeaaf3911d2529614be18d1c8b5496afc185560e76568063d517283318af/huggingface_hub-1.24.0-py3-none-any.whl \
    --hash=sha256:6ed4120a84a6beec900640aa7e346bd766a6b7341e41526fef5dc8bd81fb7d59
idna @ https://files.pythonhosted.org/packages/1e/5e/d4e9f1a599fb8e573b7b87160658329fbf28d19eac2718f51fc3def3aa5a/idna-3.18-py3-none-any.whl \
    --hash=sha256:7f952cbe720b688055e3f87de14f5c3e5fdaa8bc3928985c4077ca689de849a2
mlx @ https://files.pythonhosted.org/packages/aa/a6/489176d8a2a06137a299910057cc44dc3fccfb73151f7562fea2b75894d9/mlx-0.32.0-cp312-cp312-macosx_14_0_arm64.whl \
    --hash=sha256:ea5a594355c89c0095eaba413fd39d4caa8642fa13432dfb0c9354d141046467
mlx-metal @ https://files.pythonhosted.org/packages/d6/ef/d74ae99cfe9ddb59fd08abd14f47754c3d199291a93756903fa595b31b8a/mlx_metal-0.32.0-py3-none-macosx_14_0_arm64.whl \
    --hash=sha256:5b64b20ac24b0c401f489de01e8209edc4d372125201f19314e6f39e385322aa
mlx-qwen3-asr @ https://files.pythonhosted.org/packages/7d/65/a450105650127e28c4467f834c8e71cdca422e62efa4161919bb1d94cd36/mlx_qwen3_asr-0.3.5-py3-none-any.whl \
    --hash=sha256:5c7169392a8d06f38ccc791b768cdc9e7fd6038a34130576c2af8b3afa28d06b
numpy @ https://files.pythonhosted.org/packages/42/77/fdf34a71dd30f54979b18603bee915e0aaf825b07afe79acd60b04b691e2/numpy-2.5.1-cp312-cp312-macosx_14_0_arm64.whl \
    --hash=sha256:78798bd5b9ad744056af8efa90e3b9ddaa53272a0848a483084a1cc0a13b2dc0
packaging @ https://files.pythonhosted.org/packages/df/b2/87e62e8c3e2f4b32e5fe99e0b86d576da1312593b39f47d8ceef365e95ed/packaging-26.2-py3-none-any.whl \
    --hash=sha256:5fc45236b9446107ff2415ce77c807cee2862cb6fac22b8a73826d0693b0980e
PyYAML @ https://files.pythonhosted.org/packages/89/a0/6cf41a19a1f2f3feab0e9c0b74134aa2ce6849093d5517a0c550fe37a648/pyyaml-6.0.3-cp312-cp312-macosx_11_0_arm64.whl \
    --hash=sha256:fc09d0aa354569bc501d4e787133afc08552722d3ab34836a80547331bb5d4a0
regex @ https://files.pythonhosted.org/packages/b3/63/4cab4d7f2d384a144d420b763d97674cb70619c878ea6fcd7640d0e62143/regex-2026.7.19-cp312-cp312-macosx_11_0_arm64.whl \
    --hash=sha256:d7da47a0f248977f08e2cb659ff3c17ddc13a4d39b3a7baa0a81bf5b415430f6
tqdm @ https://files.pythonhosted.org/packages/01/50/5817619a0fca56aff06383dbfde7ae017b3ca383915b3f1e4713164273cf/tqdm-4.69.1-py3-none-any.whl \
    --hash=sha256:0a654b96f7a2660cceb615b56f307ec2bef96c515409014a429a561981ab52b4
typing-extensions @ https://files.pythonhosted.org/packages/49/d3/b8441a820a491ddfc024b0b0cf0393375b75ea13866d9c66727e54c2fc80/typing_extensions-4.16.0-py3-none-any.whl \
    --hash=sha256:481caa481374e813c1b176ada14e97f1f67a4539ce9cfeb3f350d78d6370c2e8
